
Microsoft Visual Studio Solution File, Format Version 12.00
# Visual Studio 15
VisualStudioVersion = 15.0.27703.2042
MinimumVisualStudioVersion = 10.0.40219.1
Project("{FAE04EC0-301F-11D3-BF4B-00C04F79EFBC}") = "num_BH2", "num_BH2\num_BH2.csproj", "{D6FBF039-1298-40E2-AA18-B826E72FB610}"
EndProject
Global
	GlobalSection(SolutionConfigurationPlatforms) = preSolution
		Debug|Any CPU = Debug|Any CPU
		Release|Any CPU = Release|Any CPU
	EndGlobalSection
	GlobalSection(ProjectConfigurationPlatforms) = postSolution
		{D6FBF039-1298-40E2-AA18-B826E72FB610}.Debug|Any CPU.ActiveCfg = Debug|Any CPU
		{D6FBF039-1298-40E2-AA18-B826E72FB610}.Debug|Any CPU.Build.0 = Debug|Any CPU
		{D6FBF039-1298-40E2-AA18-B826E72FB610}.Release|Any CPU.ActiveCfg = Release|Any CPU
		{D6FBF039-1298-40E2-AA18-B826E72FB610}.Release|Any CPU.Build.0 = Release|Any CPU
	EndGlobalSection
	GlobalSection(SolutionProperties) = preSolution
		HideSolutionNode = FALSE
	EndGlobalSection
	GlobalSection(ExtensibilityGlobals) = postSolution
		SolutionGuid = {EA47C0D8-7D21-4A82-9C7D-7C4A897A30BA}
	EndGlobalSection
EndGlobal
